// !$*UTF8*$!
{
	archiveVersion = 1;
	classes = {
	};
	objectVersion = 55;
	objects = {

/* Begin PBXBuildFile section */
		564239752749BA8C00424227 /* ExitButtonView.swift in Sources */ = {isa = PBXBuildFile; fileRef = 564239742749BA8C00424227 /* ExitButtonView.swift */; };
		56423979274C030700424227 /* Font .swift in Sources */ = {isa = PBXBuildFile; fileRef = 56423978274C030700424227 /* Font .swift */; };
		5642397B274C26A900424227 /* BuildImage.swift in Sources */ = {isa = PBXBuildFile; fileRef = 5642397A274C26A900424227 /* BuildImage.swift */; };
		565E6A75274D6194009B68E7 /* PaytoneOne-Regular.ttf in Resources */ = {isa = PBXBuildFile; fileRef = 565E6A73274D6194009B68E7 /* PaytoneOne-Regular.ttf */; };
		565E6A76274D6194009B68E7 /* OFL.txt in Resources */ = {isa = PBXBuildFile; fileRef = 565E6A74274D6194009B68E7 /* OFL.txt */; };
		5BDC2580273F2C2D00D51D9C /* PersonalityApp.swift in Sources */ = {isa = PBXBuildFile; fileRef = 5BDC257F273F2C2D00D51D9C /* PersonalityApp.swift */; };
		5BDC2582273F2C2D00D51D9C /* QuizListView.swift in Sources */ = {isa = PBXBuildFile; fileRef = 5BDC2581273F2C2D00D51D9C /* QuizListView.swift */; };
		5BDC2584273F2C3100D51D9C /* Assets.xcassets in Resources */ = {isa = PBXBuildFile; fileRef = 5BDC2583273F2C3100D51D9C /* Assets.xcassets */; };
		5BDC2587273F2C3100D51D9C /* Preview Assets.xcassets in Resources */ = {isa = PBXBuildFile; fileRef = 5BDC2586273F2C3100D51D9C /* Preview Assets.xcassets */; };
		5BDC2596273F719A00D51D9C /* Quiz.swift in Sources */ = {isa = PBXBuildFile; fileRef = 5BDC2595273F719A00D51D9C /* Quiz.swift */; };
		5BDC2598273F73E200D51D9C /* QuizIntroView.swift in Sources */ = {isa = PBXBuildFile; fileRef = 5BDC2597273F73E200D51D9C /* QuizIntroView.swift */; };
		5BDC259A274006CF00D51D9C /* MainView.swift in Sources */ = {isa = PBXBuildFile; fileRef = 5BDC2599274006CF00D51D9C /* MainView.swift */; };
		5BDC259C274007E300D51D9C /* ProfileView.swift in Sources */ = {isa = PBXBuildFile; fileRef = 5BDC259B274007E300D51D9C /* ProfileView.swift */; };
		5BDC259E274061AC00D51D9C /* Question.swift in Sources */ = {isa = PBXBuildFile; fileRef = 5BDC259D274061AC00D51D9C /* Question.swift */; };
		5BDC25A0274062AB00D51D9C /* QuizView.swift in Sources */ = {isa = PBXBuildFile; fileRef = 5BDC259F274062AB00D51D9C /* QuizView.swift */; };
		5BDC25A22740904F00D51D9C /* Answer.swift in Sources */ = {isa = PBXBuildFile; fileRef = 5BDC25A12740904F00D51D9C /* Answer.swift */; };
		5BDC25A82742DC2300D51D9C /* QuizCell.swift in Sources */ = {isa = PBXBuildFile; fileRef = 5BDC25A72742DC2300D51D9C /* QuizCell.swift */; };
		5BDC25BB274487AB00D51D9C /* ProgressBar.swift in Sources */ = {isa = PBXBuildFile; fileRef = 5BDC25BA274487AA00D51D9C /* ProgressBar.swift */; };
		5BDC25BD27449EC200D51D9C /* QuizOutput.swift in Sources */ = {isa = PBXBuildFile; fileRef = 5BDC25BC27449EC200D51D9C /* QuizOutput.swift */; };
		5BDC25C02744A97500D51D9C /* Result.swift in Sources */ = {isa = PBXBuildFile; fileRef = 5BDC25BF2744A97500D51D9C /* Result.swift */; };
		5BDC25C22744AC6B00D51D9C /* OutputCell.swift in Sources */ = {isa = PBXBuildFile; fileRef = 5BDC25C12744AC6B00D51D9C /* OutputCell.swift */; };
		5BDC25C42744AD2900D51D9C /* IntroHeader.swift in Sources */ = {isa = PBXBuildFile; fileRef = 5BDC25C32744AD2900D51D9C /* IntroHeader.swift */; };
		5BDC25C62744B06000D51D9C /* VerticalCard.swift in Sources */ = {isa = PBXBuildFile; fileRef = 5BDC25C52744B06000D51D9C /* VerticalCard.swift */; };
		5BDC25C82744B06D00D51D9C /* HorizontalCard.swift in Sources */ = {isa = PBXBuildFile; fileRef = 5BDC25C72744B06D00D51D9C /* HorizontalCard.swift */; };
		5BDC25CA2744B24100D51D9C /* QuizBank.swift in Sources */ = {isa = PBXBuildFile; fileRef = 5BDC25C92744B24100D51D9C /* QuizBank.swift */; };
		5BDC25CC2744B34D00D51D9C /* LeftTitle.swift in Sources */ = {isa = PBXBuildFile; fileRef = 5BDC25CB2744B34D00D51D9C /* LeftTitle.swift */; };
		5BDC25CF2744B53200D51D9C /* Color.swift in Sources */ = {isa = PBXBuildFile; fileRef = 5BDC25CE2744B53200D51D9C /* Color.swift */; };
		5BDC25D22745920200D51D9C /* CloudKit.framework in Frameworks */ = {isa = PBXBuildFile; fileRef = 5BDC25D12745920100D51D9C /* CloudKit.framework */; };
		5BDC25D42745FA4C00D51D9C /* Badge.swift in Sources */ = {isa = PBXBuildFile; fileRef = 5BDC25D32745FA4C00D51D9C /* Badge.swift */; };
		5BDC25D62745FAAD00D51D9C /* User.swift in Sources */ = {isa = PBXBuildFile; fileRef = 5BDC25D52745FAAD00D51D9C /* User.swift */; };
		5BDC25D82745FAF700D51D9C /* UserResult.swift in Sources */ = {isa = PBXBuildFile; fileRef = 5BDC25D72745FAF700D51D9C /* UserResult.swift */; };
		5BDC25E027484B8800D51D9C /* DISC.swift in Sources */ = {isa = PBXBuildFile; fileRef = 5BDC25DF27484B8600D51D9C /* DISC.swift */; };
		5BDC25E227484B9D00D51D9C /* CreativeTypes.swift in Sources */ = {isa = PBXBuildFile; fileRef = 5BDC25E127484B9D00D51D9C /* CreativeTypes.swift */; };
		5BDC25E7274940CD00D51D9C /* LoadingAnimationView.swift in Sources */ = {isa = PBXBuildFile; fileRef = 5BDC25E6274940CD00D51D9C /* LoadingAnimationView.swift */; };
		900D7B83274AC24700548E9C /* NicknameView.swift in Sources */ = {isa = PBXBuildFile; fileRef = 900D7B82274AC24700548E9C /* NicknameView.swift */; };
		90B9936A274D5C500086B00A /* SnapCarousel.swift in Sources */ = {isa = PBXBuildFile; fileRef = 90B99369274D5C500086B00A /* SnapCarousel.swift */; };
		90CD6D00274807BF00FE5072 /* LoginView.swift in Sources */ = {isa = PBXBuildFile; fileRef = 90CD6CFF274807BF00FE5072 /* LoginView.swift */; };
		90CD6D02274809A200FE5072 /* ChooseEgoView.swift in Sources */ = {isa = PBXBuildFile; fileRef = 90CD6D01274809A200FE5072 /* ChooseEgoView.swift */; };
		AF13D89D274DBC170090F35E /* APIService.swift in Sources */ = {isa = PBXBuildFile; fileRef = AF13D89C274DBC170090F35E /* APIService.swift */; };
		AF13D89F274DC5F20090F35E /* Auth.swift in Sources */ = {isa = PBXBuildFile; fileRef = AF13D89E274DC5F20090F35E /* Auth.swift */; };
		AF67E08D27500AC10091C5ED /* QuizzesService.swift in Sources */ = {isa = PBXBuildFile; fileRef = AF67E08C27500AC10091C5ED /* QuizzesService.swift */; };
		AF73404D2757FDB000215421 /* Endpoint.swift in Sources */ = {isa = PBXBuildFile; fileRef = AF73404C2757FDB000215421 /* Endpoint.swift */; };
		AF73404F2757FE7B00215421 /* Networker.swift in Sources */ = {isa = PBXBuildFile; fileRef = AF73404E2757FE7B00215421 /* Networker.swift */; };
		AF7340542758029900215421 /* Endpoint+API.swift in Sources */ = {isa = PBXBuildFile; fileRef = AF7340532758029900215421 /* Endpoint+API.swift */; };
		C7AA344E274D5DEF00687B88 /* ModalView.swift in Sources */ = {isa = PBXBuildFile; fileRef = C7AA344D274D5DEF00687B88 /* ModalView.swift */; };
/* End PBXBuildFile section */

/* Begin PBXFileReference section */
		564239742749BA8C00424227 /* ExitButtonView.swift */ = {isa = PBXFileReference; lastKnownFileType = sourcecode.swift; path = ExitButtonView.swift; sourceTree = "<group>"; };
		56423978274C030700424227 /* Font .swift */ = {isa = PBXFileReference; lastKnownFileType = sourcecode.swift; path = "Font .swift"; sourceTree = "<group>"; };
		5642397A274C26A900424227 /* BuildImage.swift */ = {isa = PBXFileReference; lastKnownFileType = sourcecode.swift; path = BuildImage.swift; sourceTree = "<group>"; };
		565E6A67274D50BE009B68E7 /* Info.plist */ = {isa = PBXFileReference; lastKnownFileType = text.plist; path = Info.plist; sourceTree = "<group>"; };
		565E6A73274D6194009B68E7 /* PaytoneOne-Regular.ttf */ = {isa = PBXFileReference; lastKnownFileType = file; path = "PaytoneOne-Regular.ttf"; sourceTree = "<group>"; };
		565E6A74274D6194009B68E7 /* OFL.txt */ = {isa = PBXFileReference; fileEncoding = 4; lastKnownFileType = text; path = OFL.txt; sourceTree = "<group>"; };
		5BDC257C273F2C2D00D51D9C /* Personality.app */ = {isa = PBXFileReference; explicitFileType = wrapper.application; includeInIndex = 0; path = Personality.app; sourceTree = BUILT_PRODUCTS_DIR; };
		5BDC257F273F2C2D00D51D9C /* PersonalityApp.swift */ = {isa = PBXFileReference; lastKnownFileType = sourcecode.swift; path = PersonalityApp.swift; sourceTree = "<group>"; };
		5BDC2581273F2C2D00D51D9C /* QuizListView.swift */ = {isa = PBXFileReference; lastKnownFileType = sourcecode.swift; path = QuizListView.swift; sourceTree = "<group>"; };
		5BDC2583273F2C3100D51D9C /* Assets.xcassets */ = {isa = PBXFileReference; lastKnownFileType = folder.assetcatalog; path = Assets.xcassets; sourceTree = "<group>"; };
		5BDC2586273F2C3100D51D9C /* Preview Assets.xcassets */ = {isa = PBXFileReference; lastKnownFileType = folder.assetcatalog; path = "Preview Assets.xcassets"; sourceTree = "<group>"; };
		5BDC2595273F719A00D51D9C /* Quiz.swift */ = {isa = PBXFileReference; lastKnownFileType = sourcecode.swift; path = Quiz.swift; sourceTree = "<group>"; };
		5BDC2597273F73E200D51D9C /* QuizIntroView.swift */ = {isa = PBXFileReference; lastKnownFileType = sourcecode.swift; path = QuizIntroView.swift; sourceTree = "<group>"; };
		5BDC2599274006CF00D51D9C /* MainView.swift */ = {isa = PBXFileReference; lastKnownFileType = sourcecode.swift; path = MainView.swift; sourceTree = "<group>"; };
		5BDC259B274007E300D51D9C /* ProfileView.swift */ = {isa = PBXFileReference; lastKnownFileType = sourcecode.swift; path = ProfileView.swift; sourceTree = "<group>"; };
		5BDC259D274061AC00D51D9C /* Question.swift */ = {isa = PBXFileReference; lastKnownFileType = sourcecode.swift; path = Question.swift; sourceTree = "<group>"; };
		5BDC259F274062AB00D51D9C /* QuizView.swift */ = {isa = PBXFileReference; lastKnownFileType = sourcecode.swift; path = QuizView.swift; sourceTree = "<group>"; };
		5BDC25A12740904F00D51D9C /* Answer.swift */ = {isa = PBXFileReference; lastKnownFileType = sourcecode.swift; path = Answer.swift; sourceTree = "<group>"; };
		5BDC25A72742DC2300D51D9C /* QuizCell.swift */ = {isa = PBXFileReference; lastKnownFileType = sourcecode.swift; path = QuizCell.swift; sourceTree = "<group>"; };
		5BDC25B92744743700D51D9C /* Personality.entitlements */ = {isa = PBXFileReference; lastKnownFileType = text.plist.entitlements; path = Personality.entitlements; sourceTree = "<group>"; };
		5BDC25BA274487AA00D51D9C /* ProgressBar.swift */ = {isa = PBXFileReference; lastKnownFileType = sourcecode.swift; path = ProgressBar.swift; sourceTree = "<group>"; };
		5BDC25BC27449EC200D51D9C /* QuizOutput.swift */ = {isa = PBXFileReference; lastKnownFileType = sourcecode.swift; path = QuizOutput.swift; sourceTree = "<group>"; };
		5BDC25BF2744A97500D51D9C /* Result.swift */ = {isa = PBXFileReference; lastKnownFileType = sourcecode.swift; path = Result.swift; sourceTree = "<group>"; };
		5BDC25C12744AC6B00D51D9C /* OutputCell.swift */ = {isa = PBXFileReference; lastKnownFileType = sourcecode.swift; path = OutputCell.swift; sourceTree = "<group>"; };
		5BDC25C32744AD2900D51D9C /* IntroHeader.swift */ = {isa = PBXFileReference; lastKnownFileType = sourcecode.swift; path = IntroHeader.swift; sourceTree = "<group>"; };
		5BDC25C52744B06000D51D9C /* VerticalCard.swift */ = {isa = PBXFileReference; lastKnownFileType = sourcecode.swift; path = VerticalCard.swift; sourceTree = "<group>"; };
		5BDC25C72744B06D00D51D9C /* HorizontalCard.swift */ = {isa = PBXFileReference; lastKnownFileType = sourcecode.swift; path = HorizontalCard.swift; sourceTree = "<group>"; };
		5BDC25C92744B24100D51D9C /* QuizBank.swift */ = {isa = PBXFileReference; lastKnownFileType = sourcecode.swift; path = QuizBank.swift; sourceTree = "<group>"; };
		5BDC25CB2744B34D00D51D9C /* LeftTitle.swift */ = {isa = PBXFileReference; lastKnownFileType = sourcecode.swift; path = LeftTitle.swift; sourceTree = "<group>"; };
		5BDC25CE2744B53200D51D9C /* Color.swift */ = {isa = PBXFileReference; lastKnownFileType = sourcecode.swift; path = Color.swift; sourceTree = "<group>"; };
		5BDC25D12745920100D51D9C /* CloudKit.framework */ = {isa = PBXFileReference; lastKnownFileType = wrapper.framework; name = CloudKit.framework; path = System/Library/Frameworks/CloudKit.framework; sourceTree = SDKROOT; };
		5BDC25D32745FA4C00D51D9C /* Badge.swift */ = {isa = PBXFileReference; lastKnownFileType = sourcecode.swift; path = Badge.swift; sourceTree = "<group>"; };
		5BDC25D52745FAAD00D51D9C /* User.swift */ = {isa = PBXFileReference; lastKnownFileType = sourcecode.swift; path = User.swift; sourceTree = "<group>"; };
		5BDC25D72745FAF700D51D9C /* UserResult.swift */ = {isa = PBXFileReference; lastKnownFileType = sourcecode.swift; path = UserResult.swift; sourceTree = "<group>"; };
		5BDC25DF27484B8600D51D9C /* DISC.swift */ = {isa = PBXFileReference; lastKnownFileType = sourcecode.swift; path = DISC.swift; sourceTree = "<group>"; };
		5BDC25E127484B9D00D51D9C /* CreativeTypes.swift */ = {isa = PBXFileReference; lastKnownFileType = sourcecode.swift; path = CreativeTypes.swift; sourceTree = "<group>"; };
		5BDC25E6274940CD00D51D9C /* LoadingAnimationView.swift */ = {isa = PBXFileReference; lastKnownFileType = sourcecode.swift; path = LoadingAnimationView.swift; sourceTree = "<group>"; };
		900D7B82274AC24700548E9C /* NicknameView.swift */ = {isa = PBXFileReference; lastKnownFileType = sourcecode.swift; path = NicknameView.swift; sourceTree = "<group>"; };
		90B99369274D5C500086B00A /* SnapCarousel.swift */ = {isa = PBXFileReference; lastKnownFileType = sourcecode.swift; path = SnapCarousel.swift; sourceTree = "<group>"; };
		90CD6CFF274807BF00FE5072 /* LoginView.swift */ = {isa = PBXFileReference; lastKnownFileType = sourcecode.swift; path = LoginView.swift; sourceTree = "<group>"; };
		90CD6D01274809A200FE5072 /* ChooseEgoView.swift */ = {isa = PBXFileReference; lastKnownFileType = sourcecode.swift; path = ChooseEgoView.swift; sourceTree = "<group>"; };
		AF13D89C274DBC170090F35E /* APIService.swift */ = {isa = PBXFileReference; lastKnownFileType = sourcecode.swift; path = APIService.swift; sourceTree = "<group>"; };
		AF13D89E274DC5F20090F35E /* Auth.swift */ = {isa = PBXFileReference; lastKnownFileType = sourcecode.swift; path = Auth.swift; sourceTree = "<group>"; };
		AF67E08C27500AC10091C5ED /* QuizzesService.swift */ = {isa = PBXFileReference; lastKnownFileType = sourcecode.swift; path = QuizzesService.swift; sourceTree = "<group>"; };
		AF73404C2757FDB000215421 /* Endpoint.swift */ = {isa = PBXFileReference; lastKnownFileType = sourcecode.swift; path = Endpoint.swift; sourceTree = "<group>"; };
		AF73404E2757FE7B00215421 /* Networker.swift */ = {isa = PBXFileReference; lastKnownFileType = sourcecode.swift; path = Networker.swift; sourceTree = "<group>"; };
		AF7340532758029900215421 /* Endpoint+API.swift */ = {isa = PBXFileReference; lastKnownFileType = sourcecode.swift; path = "Endpoint+API.swift"; sourceTree = "<group>"; };
		C7AA344D274D5DEF00687B88 /* ModalView.swift */ = {isa = PBXFileReference; lastKnownFileType = sourcecode.swift; path = ModalView.swift; sourceTree = "<group>"; };
/* End PBXFileReference section */

/* Begin PBXFrameworksBuildPhase section */
		5BDC2579273F2C2D00D51D9C /* Frameworks */ = {
			isa = PBXFrameworksBuildPhase;
			buildActionMask = 2147483647;
			files = (
				5BDC25D22745920200D51D9C /* CloudKit.framework in Frameworks */,
			);
			runOnlyForDeploymentPostprocessing = 0;
		};
/* End PBXFrameworksBuildPhase section */

/* Begin PBXGroup section */
		565E6A72274D6194009B68E7 /* Paytone_One */ = {
			isa = PBXGroup;
			children = (
				565E6A73274D6194009B68E7 /* PaytoneOne-Regular.ttf */,
				565E6A74274D6194009B68E7 /* OFL.txt */,
			);
			path = Paytone_One;
			sourceTree = "<group>";
		};
		5BDC2573273F2C2D00D51D9C = {
			isa = PBXGroup;
			children = (
				5BDC257E273F2C2D00D51D9C /* Personality */,
				5BDC257D273F2C2D00D51D9C /* Products */,
				5BDC25D02745920100D51D9C /* Frameworks */,
			);
			sourceTree = "<group>";
		};
		5BDC257D273F2C2D00D51D9C /* Products */ = {
			isa = PBXGroup;
			children = (
				5BDC257C273F2C2D00D51D9C /* Personality.app */,
			);
			name = Products;
			sourceTree = "<group>";
		};
		5BDC257E273F2C2D00D51D9C /* Personality */ = {
			isa = PBXGroup;
			children = (
				AF13D89B274DBC050090F35E /* API */,
				565E6A67274D50BE009B68E7 /* Info.plist */,
				5BDC25DE27484B7100D51D9C /* Tests Logic */,
				5BDC25CD2744B4D600D51D9C /* Utils */,
				5BDC25AE2742DFE900D51D9C /* Models */,
				5BDC25AC2742DFCF00D51D9C /* Scenes */,
				5BDC257F273F2C2D00D51D9C /* PersonalityApp.swift */,
				5BDC2599274006CF00D51D9C /* MainView.swift */,
				5BDC25C92744B24100D51D9C /* QuizBank.swift */,
				5BDC25B92744743700D51D9C /* Personality.entitlements */,
				565E6A72274D6194009B68E7 /* Paytone_One */,
				5BDC2583273F2C3100D51D9C /* Assets.xcassets */,
				5BDC2585273F2C3100D51D9C /* Preview Content */,
			);
			path = Personality;
			sourceTree = "<group>";
		};
		5BDC2585273F2C3100D51D9C /* Preview Content */ = {
			isa = PBXGroup;
			children = (
				5BDC2586273F2C3100D51D9C /* Preview Assets.xcassets */,
			);
			path = "Preview Content";
			sourceTree = "<group>";
		};
		5BDC25A92742DF7100D51D9C /* Quiz */ = {
			isa = PBXGroup;
			children = (
				5BDC25AF2742E02800D51D9C /* Components */,
				5BDC25AD2742DFE200D51D9C /* Views */,
			);
			path = Quiz;
			sourceTree = "<group>";
		};
		5BDC25AC2742DFCF00D51D9C /* Scenes */ = {
			isa = PBXGroup;
			children = (
				5BDC25E32749409300D51D9C /* LoadingAnimation */,
				90CD6CFD2748065200FE5072 /* Onboarding */,
				5BDC25B32742E09400D51D9C /* Profile */,
				5BDC25B02742E06400D51D9C /* Quiz List */,
				5BDC25A92742DF7100D51D9C /* Quiz */,
			);
			path = Scenes;
			sourceTree = "<group>";
		};
		5BDC25AD2742DFE200D51D9C /* Views */ = {
			isa = PBXGroup;
			children = (
				5BDC259F274062AB00D51D9C /* QuizView.swift */,
				5BDC2597273F73E200D51D9C /* QuizIntroView.swift */,
				5BDC25BC27449EC200D51D9C /* QuizOutput.swift */,
			);
			path = Views;
			sourceTree = "<group>";
		};
		5BDC25AE2742DFE900D51D9C /* Models */ = {
			isa = PBXGroup;
			children = (
				5BDC2595273F719A00D51D9C /* Quiz.swift */,
				5BDC25A12740904F00D51D9C /* Answer.swift */,
				5BDC259D274061AC00D51D9C /* Question.swift */,
				5BDC25BF2744A97500D51D9C /* Result.swift */,
				5BDC25D32745FA4C00D51D9C /* Badge.swift */,
				5BDC25D52745FAAD00D51D9C /* User.swift */,
				5BDC25D72745FAF700D51D9C /* UserResult.swift */,
				AF13D89E274DC5F20090F35E /* Auth.swift */,
			);
			path = Models;
			sourceTree = "<group>";
		};
		5BDC25AF2742E02800D51D9C /* Components */ = {
			isa = PBXGroup;
			children = (
				5BDC25A72742DC2300D51D9C /* QuizCell.swift */,
				5BDC25C12744AC6B00D51D9C /* OutputCell.swift */,
				5BDC25BA274487AA00D51D9C /* ProgressBar.swift */,
				5BDC25C32744AD2900D51D9C /* IntroHeader.swift */,
				564239742749BA8C00424227 /* ExitButtonView.swift */,
				5642397A274C26A900424227 /* BuildImage.swift */,
			);
			path = Components;
			sourceTree = "<group>";
		};
		5BDC25B02742E06400D51D9C /* Quiz List */ = {
			isa = PBXGroup;
			children = (
				5BDC25B22742E07D00D51D9C /* Views */,
				5BDC25B12742E07500D51D9C /* Components */,
			);
			path = "Quiz List";
			sourceTree = "<group>";
		};
		5BDC25B12742E07500D51D9C /* Components */ = {
			isa = PBXGroup;
			children = (
				5BDC25C52744B06000D51D9C /* VerticalCard.swift */,
				5BDC25C72744B06D00D51D9C /* HorizontalCard.swift */,
				5BDC25CB2744B34D00D51D9C /* LeftTitle.swift */,
			);
			path = Components;
			sourceTree = "<group>";
		};
		5BDC25B22742E07D00D51D9C /* Views */ = {
			isa = PBXGroup;
			children = (
				5BDC2581273F2C2D00D51D9C /* QuizListView.swift */,
			);
			path = Views;
			sourceTree = "<group>";
		};
		5BDC25B32742E09400D51D9C /* Profile */ = {
			isa = PBXGroup;
			children = (
				5BDC25B52742E0A300D51D9C /* Views */,
				5BDC25B42742E09D00D51D9C /* Components */,
			);
			path = Profile;
			sourceTree = "<group>";
		};
		5BDC25B42742E09D00D51D9C /* Components */ = {
			isa = PBXGroup;
			children = (
			);
			path = Components;
			sourceTree = "<group>";
		};
		5BDC25B52742E0A300D51D9C /* Views */ = {
			isa = PBXGroup;
			children = (
				5BDC259B274007E300D51D9C /* ProfileView.swift */,
				C7AA344D274D5DEF00687B88 /* ModalView.swift */,
			);
			path = Views;
			sourceTree = "<group>";
		};
		5BDC25CD2744B4D600D51D9C /* Utils */ = {
			isa = PBXGroup;
			children = (
				5BDC25CE2744B53200D51D9C /* Color.swift */,
				56423978274C030700424227 /* Font .swift */,
			);
			path = Utils;
			sourceTree = "<group>";
		};
		5BDC25D02745920100D51D9C /* Frameworks */ = {
			isa = PBXGroup;
			children = (
				5BDC25D12745920100D51D9C /* CloudKit.framework */,
			);
			name = Frameworks;
			sourceTree = "<group>";
		};
		5BDC25DE27484B7100D51D9C /* Tests Logic */ = {
			isa = PBXGroup;
			children = (
				5BDC25DF27484B8600D51D9C /* DISC.swift */,
				5BDC25E127484B9D00D51D9C /* CreativeTypes.swift */,
			);
			path = "Tests Logic";
			sourceTree = "<group>";
		};
		5BDC25E32749409300D51D9C /* LoadingAnimation */ = {
			isa = PBXGroup;
			children = (
				5BDC25E5274940B100D51D9C /* Components */,
				5BDC25E4274940AB00D51D9C /* Views */,
			);
			path = LoadingAnimation;
			sourceTree = "<group>";
		};
		5BDC25E4274940AB00D51D9C /* Views */ = {
			isa = PBXGroup;
			children = (
				5BDC25E6274940CD00D51D9C /* LoadingAnimationView.swift */,
			);
			path = Views;
			sourceTree = "<group>";
		};
		5BDC25E5274940B100D51D9C /* Components */ = {
			isa = PBXGroup;
			children = (
			);
			path = Components;
			sourceTree = "<group>";
		};
		90B99368274D5C320086B00A /* Components */ = {
			isa = PBXGroup;
			children = (
				90B99369274D5C500086B00A /* SnapCarousel.swift */,
			);
			path = Components;
			sourceTree = "<group>";
		};
		90CD6CFD2748065200FE5072 /* Onboarding */ = {
			isa = PBXGroup;
			children = (
				90CD6CFE2748065F00FE5072 /* Views */,
				90B99368274D5C320086B00A /* Components */,
			);
			path = Onboarding;
			sourceTree = "<group>";
		};
		90CD6CFE2748065F00FE5072 /* Views */ = {
			isa = PBXGroup;
			children = (
				90CD6CFF274807BF00FE5072 /* LoginView.swift */,
				90CD6D01274809A200FE5072 /* ChooseEgoView.swift */,
				900D7B82274AC24700548E9C /* NicknameView.swift */,
			);
			path = Views;
			sourceTree = "<group>";
		};
		AF13D89B274DBC050090F35E /* API */ = {
			isa = PBXGroup;
			children = (
				AF734055275815F200215421 /* Networking */,
				AF13D89C274DBC170090F35E /* APIService.swift */,
				AF67E08C27500AC10091C5ED /* QuizzesService.swift */,
			);
			path = API;
			sourceTree = "<group>";
		};
		AF734055275815F200215421 /* Networking */ = {
			isa = PBXGroup;
			children = (
				AF73404C2757FDB000215421 /* Endpoint.swift */,
				AF73404E2757FE7B00215421 /* Networker.swift */,
				AF7340532758029900215421 /* Endpoint+API.swift */,
			);
			path = Networking;
			sourceTree = "<group>";
		};
/* End PBXGroup section */

/* Begin PBXNativeTarget section */
		5BDC257B273F2C2D00D51D9C /* Personality */ = {
			isa = PBXNativeTarget;
			buildConfigurationList = 5BDC258F273F2C3100D51D9C /* Build configuration list for PBXNativeTarget "Personality" */;
			buildPhases = (
				5BDC2578273F2C2D00D51D9C /* Sources */,
				5BDC2579273F2C2D00D51D9C /* Frameworks */,
				5BDC257A273F2C2D00D51D9C /* Resources */,
			);
			buildRules = (
			);
			dependencies = (
			);
			name = Personality;
			productName = Personality;
			productReference = 5BDC257C273F2C2D00D51D9C /* Personality.app */;
			productType = "com.apple.product-type.application";
		};
/* End PBXNativeTarget section */

/* Begin PBXProject section */
		5BDC2574273F2C2D00D51D9C /* Project object */ = {
			isa = PBXProject;
			attributes = {
				BuildIndependentTargetsInParallel = 1;
				LastSwiftUpdateCheck = 1310;
				LastUpgradeCheck = 1310;
				TargetAttributes = {
					5BDC257B273F2C2D00D51D9C = {
						CreatedOnToolsVersion = 13.1;
					};
				};
			};
			buildConfigurationList = 5BDC2577273F2C2D00D51D9C /* Build configuration list for PBXProject "Personality" */;
			compatibilityVersion = "Xcode 13.0";
			developmentRegion = en;
			hasScannedForEncodings = 0;
			knownRegions = (
				en,
				Base,
			);
			mainGroup = 5BDC2573273F2C2D00D51D9C;
			productRefGroup = 5BDC257D273F2C2D00D51D9C /* Products */;
			projectDirPath = "";
			projectRoot = "";
			targets = (
				5BDC257B273F2C2D00D51D9C /* Personality */,
			);
		};
/* End PBXProject section */

/* Begin PBXResourcesBuildPhase section */
		5BDC257A273F2C2D00D51D9C /* Resources */ = {
			isa = PBXResourcesBuildPhase;
			buildActionMask = 2147483647;
			files = (
				565E6A76274D6194009B68E7 /* OFL.txt in Resources */,
				565E6A75274D6194009B68E7 /* PaytoneOne-Regular.ttf in Resources */,
				5BDC2587273F2C3100D51D9C /* Preview Assets.xcassets in Resources */,
				5BDC2584273F2C3100D51D9C /* Assets.xcassets in Resources */,
			);
			runOnlyForDeploymentPostprocessing = 0;
		};
/* End PBXResourcesBuildPhase section */

/* Begin PBXSourcesBuildPhase section */
		5BDC2578273F2C2D00D51D9C /* Sources */ = {
			isa = PBXSourcesBuildPhase;
			buildActionMask = 2147483647;
			files = (
				5BDC25E027484B8800D51D9C /* DISC.swift in Sources */,
				5BDC25C42744AD2900D51D9C /* IntroHeader.swift in Sources */,
				5BDC259E274061AC00D51D9C /* Question.swift in Sources */,
				5BDC25CC2744B34D00D51D9C /* LeftTitle.swift in Sources */,
				5BDC25A0274062AB00D51D9C /* QuizView.swift in Sources */,
				5BDC259C274007E300D51D9C /* ProfileView.swift in Sources */,
				56423979274C030700424227 /* Font .swift in Sources */,
				5BDC25A82742DC2300D51D9C /* QuizCell.swift in Sources */,
				90CD6D00274807BF00FE5072 /* LoginView.swift in Sources */,
				5BDC2598273F73E200D51D9C /* QuizIntroView.swift in Sources */,
				564239752749BA8C00424227 /* ExitButtonView.swift in Sources */,
				900D7B83274AC24700548E9C /* NicknameView.swift in Sources */,
				AF73404D2757FDB000215421 /* Endpoint.swift in Sources */,
				90B9936A274D5C500086B00A /* SnapCarousel.swift in Sources */,
				5BDC25D42745FA4C00D51D9C /* Badge.swift in Sources */,
				AF13D89D274DBC170090F35E /* APIService.swift in Sources */,
				5642397B274C26A900424227 /* BuildImage.swift in Sources */,
				5BDC25D82745FAF700D51D9C /* UserResult.swift in Sources */,
				5BDC25C82744B06D00D51D9C /* HorizontalCard.swift in Sources */,
				5BDC259A274006CF00D51D9C /* MainView.swift in Sources */,
				5BDC25D62745FAAD00D51D9C /* User.swift in Sources */,
				5BDC25BB274487AB00D51D9C /* ProgressBar.swift in Sources */,
				5BDC25E7274940CD00D51D9C /* LoadingAnimationView.swift in Sources */,
				5BDC25A22740904F00D51D9C /* Answer.swift in Sources */,
				5BDC25CA2744B24100D51D9C /* QuizBank.swift in Sources */,
				5BDC25CF2744B53200D51D9C /* Color.swift in Sources */,
				AF73404F2757FE7B00215421 /* Networker.swift in Sources */,
				AF7340542758029900215421 /* Endpoint+API.swift in Sources */,
				5BDC25E227484B9D00D51D9C /* CreativeTypes.swift in Sources */,
				5BDC2582273F2C2D00D51D9C /* QuizListView.swift in Sources */,
				5BDC25C62744B06000D51D9C /* VerticalCard.swift in Sources */,
				5BDC25C02744A97500D51D9C /* Result.swift in Sources */,
				AF67E08D27500AC10091C5ED /* QuizzesService.swift in Sources */,
				5BDC2596273F719A00D51D9C /* Quiz.swift in Sources */,
				5BDC25C22744AC6B00D51D9C /* OutputCell.swift in Sources */,
				90CD6D02274809A200FE5072 /* ChooseEgoView.swift in Sources */,
				5BDC2580273F2C2D00D51D9C /* PersonalityApp.swift in Sources */,
				5BDC25BD27449EC200D51D9C /* QuizOutput.swift in Sources */,
				C7AA344E274D5DEF00687B88 /* ModalView.swift in Sources */,
				AF13D89F274DC5F20090F35E /* Auth.swift in Sources */,
			);
			runOnlyForDeploymentPostprocessing = 0;
		};
/* End PBXSourcesBuildPhase section */

/* Begin XCBuildConfiguration section */
		5BDC258D273F2C3100D51D9C /* Debug */ = {
			isa = XCBuildConfiguration;
			buildSettings = {
				ALWAYS_SEARCH_USER_PATHS = NO;
				CLANG_ANALYZER_NONNULL = YES;
				CLANG_ANALYZER_NUMBER_OBJECT_CONVERSION = YES_AGGRESSIVE;
				CLANG_CXX_LANGUAGE_STANDARD = "gnu++17";
				CLANG_CXX_LIBRARY = "libc++";
				CLANG_ENABLE_MODULES = YES;
				CLANG_ENABLE_OBJC_ARC = YES;
				CLANG_ENABLE_OBJC_WEAK = YES;
				CLANG_WARN_BLOCK_CAPTURE_AUTORELEASING = YES;
				CLANG_WARN_BOOL_CONVERSION = YES;
				CLANG_WARN_COMMA = YES;
				CLANG_WARN_CONSTANT_CONVERSION = YES;
				CLANG_WARN_DEPRECATED_OBJC_IMPLEMENTATIONS = YES;
				CLANG_WARN_DIRECT_OBJC_ISA_USAGE = YES_ERROR;
				CLANG_WARN_DOCUMENTATION_COMMENTS = YES;
				CLANG_WARN_EMPTY_BODY = YES;
				CLANG_WARN_ENUM_CONVERSION = YES;
				CLANG_WARN_INFINITE_RECURSION = YES;
				CLANG_WARN_INT_CONVERSION = YES;
				CLANG_WARN_NON_LITERAL_NULL_CONVERSION = YES;
				CLANG_WARN_OBJC_IMPLICIT_RETAIN_SELF = YES;
				CLANG_WARN_OBJC_LITERAL_CONVERSION = YES;
				CLANG_WARN_OBJC_ROOT_CLASS = YES_ERROR;
				CLANG_WARN_QUOTED_INCLUDE_IN_FRAMEWORK_HEADER = YES;
				CLANG_WARN_RANGE_LOOP_ANALYSIS = YES;
				CLANG_WARN_STRICT_PROTOTYPES = YES;
				CLANG_WARN_SUSPICIOUS_MOVE = YES;
				CLANG_WARN_UNGUARDED_AVAILABILITY = YES_AGGRESSIVE;
				CLANG_WARN_UNREACHABLE_CODE = YES;
				CLANG_WARN__DUPLICATE_METHOD_MATCH = YES;
				COPY_PHASE_STRIP = NO;
				DEBUG_INFORMATION_FORMAT = dwarf;
				ENABLE_STRICT_OBJC_MSGSEND = YES;
				ENABLE_TESTABILITY = YES;
				GCC_C_LANGUAGE_STANDARD = gnu11;
				GCC_DYNAMIC_NO_PIC = NO;
				GCC_NO_COMMON_BLOCKS = YES;
				GCC_OPTIMIZATION_LEVEL = 0;
				GCC_PREPROCESSOR_DEFINITIONS = (
					"DEBUG=1",
					"$(inherited)",
				);
				GCC_WARN_64_TO_32_BIT_CONVERSION = YES;
				GCC_WARN_ABOUT_RETURN_TYPE = YES_ERROR;
				GCC_WARN_UNDECLARED_SELECTOR = YES;
				GCC_WARN_UNINITIALIZED_AUTOS = YES_AGGRESSIVE;
				GCC_WARN_UNUSED_FUNCTION = YES;
				GCC_WARN_UNUSED_VARIABLE = YES;
				IPHONEOS_DEPLOYMENT_TARGET = 15.0;
				MTL_ENABLE_DEBUG_INFO = INCLUDE_SOURCE;
				MTL_FAST_MATH = YES;
				ONLY_ACTIVE_ARCH = YES;
				SDKROOT = iphoneos;
				SWIFT_ACTIVE_COMPILATION_CONDITIONS = DEBUG;
				SWIFT_OPTIMIZATION_LEVEL = "-Onone";
			};
			name = Debug;
		};
		5BDC258E273F2C3100D51D9C /* Release */ = {
			isa = XCBuildConfiguration;
			buildSettings = {
				ALWAYS_SEARCH_USER_PATHS = NO;
				CLANG_ANALYZER_NONNULL = YES;
				CLANG_ANALYZER_NUMBER_OBJECT_CONVERSION = YES_AGGRESSIVE;
				CLANG_CXX_LANGUAGE_STANDARD = "gnu++17";
				CLANG_CXX_LIBRARY = "libc++";
				CLANG_ENABLE_MODULES = YES;
				CLANG_ENABLE_OBJC_ARC = YES;
				CLANG_ENABLE_OBJC_WEAK = YES;
				CLANG_WARN_BLOCK_CAPTURE_AUTORELEASING = YES;
				CLANG_WARN_BOOL_CONVERSION = YES;
				CLANG_WARN_COMMA = YES;
				CLANG_WARN_CONSTANT_CONVERSION = YES;
				CLANG_WARN_DEPRECATED_OBJC_IMPLEMENTATIONS = YES;
				CLANG_WARN_DIRECT_OBJC_ISA_USAGE = YES_ERROR;
				CLANG_WARN_DOCUMENTATION_COMMENTS = YES;
				CLANG_WARN_EMPTY_BODY = YES;
				CLANG_WARN_ENUM_CONVERSION = YES;
				CLANG_WARN_INFINITE_RECURSION = YES;
				CLANG_WARN_INT_CONVERSION = YES;
				CLANG_WARN_NON_LITERAL_NULL_CONVERSION = YES;
				CLANG_WARN_OBJC_IMPLICIT_RETAIN_SELF = YES;
				CLANG_WARN_OBJC_LITERAL_CONVERSION = YES;
				CLANG_WARN_OBJC_ROOT_CLASS = YES_ERROR;
				CLANG_WARN_QUOTED_INCLUDE_IN_FRAMEWORK_HEADER = YES;
				CLANG_WARN_RANGE_LOOP_ANALYSIS = YES;
				CLANG_WARN_STRICT_PROTOTYPES = YES;
				CLANG_WARN_SUSPICIOUS_MOVE = YES;
				CLANG_WARN_UNGUARDED_AVAILABILITY = YES_AGGRESSIVE;
				CLANG_WARN_UNREACHABLE_CODE = YES;
				CLANG_WARN__DUPLICATE_METHOD_MATCH = YES;
				COPY_PHASE_STRIP = NO;
				DEBUG_INFORMATION_FORMAT = "dwarf-with-dsym";
				ENABLE_NS_ASSERTIONS = NO;
				ENABLE_STRICT_OBJC_MSGSEND = YES;
				GCC_C_LANGUAGE_STANDARD = gnu11;
				GCC_NO_COMMON_BLOCKS = YES;
				GCC_WARN_64_TO_32_BIT_CONVERSION = YES;
				GCC_WARN_ABOUT_RETURN_TYPE = YES_ERROR;
				GCC_WARN_UNDECLARED_SELECTOR = YES;
				GCC_WARN_UNINITIALIZED_AUTOS = YES_AGGRESSIVE;
				GCC_WARN_UNUSED_FUNCTION = YES;
				GCC_WARN_UNUSED_VARIABLE = YES;
				IPHONEOS_DEPLOYMENT_TARGET = 15.0;
				MTL_ENABLE_DEBUG_INFO = NO;
				MTL_FAST_MATH = YES;
				SDKROOT = iphoneos;
				SWIFT_COMPILATION_MODE = wholemodule;
				SWIFT_OPTIMIZATION_LEVEL = "-O";
				VALIDATE_PRODUCT = YES;
			};
			name = Release;
		};
		5BDC2590273F2C3100D51D9C /* Debug */ = {
			isa = XCBuildConfiguration;
			buildSettings = {
				ASSETCATALOG_COMPILER_APPICON_NAME = AppIcon;
				ASSETCATALOG_COMPILER_GLOBAL_ACCENT_COLOR_NAME = AccentColor;
				ASSETCATALOG_COMPILER_INCLUDE_ALL_APPICON_ASSETS = YES;
				CODE_SIGN_ENTITLEMENTS = Personality/Personality.entitlements;
				CODE_SIGN_STYLE = Automatic;
				CURRENT_PROJECT_VERSION = 1;
				DEVELOPMENT_ASSET_PATHS = "\"Personality/Preview Content\"";
				DEVELOPMENT_TEAM = 3GTJZ8KSTX;
				ENABLE_PREVIEWS = YES;
				GENERATE_INFOPLIST_FILE = YES;
				INFOPLIST_FILE = Personality/Info.plist;
				INFOPLIST_KEY_CFBundleDisplayName = Ego;
				INFOPLIST_KEY_UIApplicationSceneManifest_Generation = YES;
				INFOPLIST_KEY_UIApplicationSupportsIndirectInputEvents = YES;
				INFOPLIST_KEY_UILaunchScreen_Generation = YES;
				INFOPLIST_KEY_UISupportedInterfaceOrientations_iPad = "UIInterfaceOrientationPortrait UIInterfaceOrientationPortraitUpsideDown UIInterfaceOrientationLandscapeLeft UIInterfaceOrientationLandscapeRight";
				INFOPLIST_KEY_UISupportedInterfaceOrientations_iPhone = "UIInterfaceOrientationPortrait UIInterfaceOrientationLandscapeLeft UIInterfaceOrientationLandscapeRight";
				LD_RUNPATH_SEARCH_PATHS = (
					"$(inherited)",
					"@executable_path/Frameworks",
				);
				MARKETING_VERSION = 1.0;
				PRODUCT_BUNDLE_IDENTIFIER = com.andrearns.Personalitya;
				PRODUCT_NAME = "$(TARGET_NAME)";
				SWIFT_EMIT_LOC_STRINGS = YES;
				SWIFT_VERSION = 5.0;
				TARGETED_DEVICE_FAMILY = "1,2";
			};
			name = Debug;
		};
		5BDC2591273F2C3100D51D9C /* Release */ = {
			isa = XCBuildConfiguration;
			buildSettings = {
				ASSETCATALOG_COMPILER_APPICON_NAME = AppIcon;
				ASSETCATALOG_COMPILER_GLOBAL_ACCENT_COLOR_NAME = AccentColor;
				ASSETCATALOG_COMPILER_INCLUDE_ALL_APPICON_ASSETS = YES;
				CODE_SIGN_ENTITLEMENTS = Personality/Personality.entitlements;
				CODE_SIGN_STYLE = Automatic;
				CURRENT_PROJECT_VERSION = 1;
				DEVELOPMENT_ASSET_PATHS = "\"Personality/Preview Content\"";
				DEVELOPMENT_TEAM = 3GTJZ8KSTX;
				ENABLE_PREVIEWS = YES;
				GENERATE_INFOPLIST_FILE = YES;
				INFOPLIST_FILE = Personality/Info.plist;
				INFOPLIST_KEY_CFBundleDisplayName = Ego;
				INFOPLIST_KEY_UIApplicationSceneManifest_Generation = YES;
				INFOPLIST_KEY_UIApplicationSupportsIndirectInputEvents = YES;
				INFOPLIST_KEY_UILaunchScreen_Generation = YES;
				INFOPLIST_KEY_UISupportedInterfaceOrientations_iPad = "UIInterfaceOrientationPortrait UIInterfaceOrientationPortraitUpsideDown UIInterfaceOrientationLandscapeLeft UIInterfaceOrientationLandscapeRight";
				INFOPLIST_KEY_UISupportedInterfaceOrientations_iPhone = "UIInterfaceOrientationPortrait UIInterfaceOrientationLandscapeLeft UIInterfaceOrientationLandscapeRight";
				LD_RUNPATH_SEARCH_PATHS = (
					"$(inherited)",
					"@executable_path/Frameworks",
				);
				MARKETING_VERSION = 1.0;
				PRODUCT_BUNDLE_IDENTIFIER = com.andrearns.Personalitya;
				PRODUCT_NAME = "$(TARGET_NAME)";
				SWIFT_EMIT_LOC_STRINGS = YES;
				SWIFT_VERSION = 5.0;
				TARGETED_DEVICE_FAMILY = "1,2";
			};
			name = Release;
		};
/* End XCBuildConfiguration section */

/* Begin XCConfigurationList section */
		5BDC2577273F2C2D00D51D9C /* Build configuration list for PBXProject "Personality" */ = {
			isa = XCConfigurationList;
			buildConfigurations = (
				5BDC258D273F2C3100D51D9C /* Debug */,
				5BDC258E273F2C3100D51D9C /* Release */,
			);
			defaultConfigurationIsVisible = 0;
			defaultConfigurationName = Release;
		};
		5BDC258F273F2C3100D51D9C /* Build configuration list for PBXNativeTarget "Personality" */ = {
			isa = XCConfigurationList;
			buildConfigurations = (
				5BDC2590273F2C3100D51D9C /* Debug */,
				5BDC2591273F2C3100D51D9C /* Release */,
			);
			defaultConfigurationIsVisible = 0;
			defaultConfigurationName = Release;
		};
/* End XCConfigurationList section */
	};
	rootObject = 5BDC2574273F2C2D00D51D9C /* Project object */;
}
